<Solution>
  <Project Path="UniGLTF.Editor.csproj" />
  <Project Path="UniGLTF.csproj" />
  <Project Path="Assembly-CSharp.csproj" />
  <Project Path="SpringBoneJobs.csproj" />
  <Project Path="UniHumanoid.csproj" />
  <Project Path="UniGLTF.UniUnlit.csproj" />
  <Project Path="UniHumanoid.Editor.csproj" />
  <Project Path="endel.nativewebsocket.csproj" />
  <Project Path="Assembly-CSharp-Editor.csproj" />
  <Project Path="UniGLTF.Utils.csproj" />
  <Project Path="UniGLTF.UniUnlit.Editor.csproj" />
  <Project Path="RuntimePreviewGenerator.Runtime.csproj" />
</Solution>
